{
  "nodes": {
    "black-terminal": {
      "locked": {
        "lastModified": 1784848657,
        "narHash": "sha256-FDWgwJUMMT1TrK9yNfMp8NGU82MJOCKg4XZZ/x1wkck=",
        "owner": "luisnquin",
        "repo": "black-terminal",
        "rev": "85acc48f041dc5d8874ad8f35146fa3ac78a1e6b",
        "type": "github"
      },
      "original": {
        "owner": "luisnquin",
        "repo": "black-terminal",
        "type": "github"
      }
    },
    "brew-src": {
      "flake": false,
      "locked": {
        "lastModified": 1784068757,
        "narHash": "sha256-7KnV7rTlMpys+2J+TFVxUDDyKPLXFs4wIMtckMC72VM=",
        "owner": "Homebrew",
        "repo": "brew",
        "rev": "6bd951d96e7ebc54787799dba77bfb26ec956c4c",
        "type": "github"
      },
      "original": {
        "owner": "Homebrew",
        "ref": "6.0.11",
        "repo": "brew",
        "type": "github"
      }
    },
    "flake-parts": {
      "inputs": {
        "nixpkgs-lib": "nixpkgs-lib"
      },
      "locked": {
        "lastModified": 1775087534,
        "narHash": "sha256-91qqW8lhL7TLwgQWijoGBbiD4t7/q75KTi8NxjVmSmA=",
        "owner": "hercules-ci",
        "repo": "flake-parts",
        "rev": "3107b77cd68437b9a76194f0f7f9c55f2329ca5b",
        "type": "github"
      },
      "original": {
        "owner": "hercules-ci",
        "repo": "flake-parts",
        "type": "github"
      }
    },
    "home-manager": {
      "inputs": {
        "nixpkgs": [
          "nixpkgs"
        ]
      },
      "locked": {
        "lastModified": 1781615165,
        "narHash": "sha256-CFF4fNNfr2GZSx1xJhBNBi7VMj8OtOqZGOV+fiBSbzw=",
        "owner": "nix-community",
        "repo": "home-manager",
        "rev": "34dd288e65012954cf7170658e0e6a61255b0327",
        "type": "github"
      },
      "original": {
        "owner": "nix-community",
        "ref": "master",
        "repo": "home-manager",
        "type": "github"
      }
    },
    "nix-darwin": {
      "inputs": {
        "nixpkgs": [
          "nixpkgs"
        ]
      },
      "locked": {
        "lastModified": 1775037210,
        "narHash": "sha256-KM2WYj6EA7M/FVZVCl3rqWY+TFV5QzSyyGE2gQxeODU=",
        "owner": "nix-darwin",
        "repo": "nix-darwin",
        "rev": "06648f4902343228ce2de79f291dd5a58ee12146",
        "type": "github"
      },
      "original": {
        "owner": "nix-darwin",
        "ref": "master",
        "repo": "nix-darwin",
        "type": "github"
      }
    },
    "nix-homebrew": {
      "inputs": {
        "brew-src": "brew-src"
      },
      "locked": {
        "lastModified": 1784159664,
        "narHash": "sha256-I/B6YoRLImHEqNWh8bs+tPjEDeteACeFhcLyoSMo1GE=",
        "owner": "zhaofengli",
        "repo": "nix-homebrew",
        "rev": "842eeb863ecca0eeb463f7a814cdc51e1d925776",
        "type": "github"
      },
      "original": {
        "owner": "zhaofengli",
        "repo": "nix-homebrew",
        "type": "github"
      }
    },
    "nixgrep": {
      "inputs": {
        "nixpkgs": [
          "nixpkgs-extra",
          "nixpkgs"
        ]
      },
      "locked": {
        "lastModified": 1729458353,
        "narHash": "sha256-4RDoygqGPcAZWnia2B86LOlSrWX/YJb8/c+WWAtJ+d4=",
        "owner": "0xc000022070",
        "repo": "nixgrep",
        "rev": "e24a94d036c440c927a8e946ce3f121f513e8dbb",
        "type": "github"
      },
      "original": {
        "owner": "0xc000022070",
        "repo": "nixgrep",
        "type": "github"
      }
    },
    "nixpkgs": {
      "locked": {
        "lastModified": 1781074563,
        "narHash": "sha256-md8WlXOlfnIeHeOScMTTHFyf2d6iaTwPl2apR5EQ3P4=",
        "owner": "NixOS",
        "repo": "nixpkgs",
        "rev": "9ae611a455b90cf061d8f332b977e387bda8e1ca",
        "type": "github"
      },
      "original": {
        "owner": "NixOS",
        "ref": "nixos-unstable",
        "repo": "nixpkgs",
        "type": "github"
      }
    },
    "nixpkgs-extra": {
      "inputs": {
        "nixgrep": "nixgrep",
        "nixpkgs": [
          "nixpkgs"
        ],
        "systems": [
          "systems"
        ]
      },
      "locked": {
        "lastModified": 1774199260,
        "narHash": "sha256-MDv/Oya51vaYgk8rOCnARt6p5G3FShKvQTODDP9rXCc=",
        "owner": "0xc000022070",
        "repo": "nixpkgs-extra",
        "rev": "280bb7b41823830171d5f098b2cc700063c441eb",
        "type": "github"
      },
      "original": {
        "owner": "0xc000022070",
        "repo": "nixpkgs-extra",
        "type": "github"
      }
    },
    "nixpkgs-lib": {
      "locked": {
        "lastModified": 1774748309,
        "narHash": "sha256-+U7gF3qxzwD5TZuANzZPeJTZRHS29OFQgkQ2kiTJBIQ=",
        "owner": "nix-community",
        "repo": "nixpkgs.lib",
        "rev": "333c4e0545a6da976206c74db8773a1645b5870a",
        "type": "github"
      },
      "original": {
        "owner": "nix-community",
        "repo": "nixpkgs.lib",
        "type": "github"
      }
    },
    "root": {
      "inputs": {
        "black-terminal": "black-terminal",
        "flake-parts": "flake-parts",
        "home-manager": "home-manager",
        "nix-darwin": "nix-darwin",
        "nix-homebrew": "nix-homebrew",
        "nixpkgs": "nixpkgs",
        "nixpkgs-extra": "nixpkgs-extra",
        "senv": "senv",
        "sickdeck": "sickdeck",
        "systems": "systems",
        "zen-browser": "zen-browser"
      }
    },
    "senv": {
      "inputs": {
        "nixpkgs": [
          "nixpkgs"
        ]
      },
      "locked": {
        "lastModified": 1773996876,
        "narHash": "sha256-4Jgf0pcXt7vAcPNPItH21uyWHPGrtYwEFbAl5cMUtpg=",
        "owner": "luisnquin",
        "repo": "senv",
        "rev": "e6bcdd7114a3e183ae7a8028cfa2e79ca70d6a5e",
        "type": "github"
      },
      "original": {
        "owner": "luisnquin",
        "repo": "senv",
        "type": "github"
      }
    },
    "sickdeck": {
      "flake": false,
      "locked": {
        "lastModified": 1784767385,
        "narHash": "sha256-iXwQJu/D65s1G193C/23dbmZL0nVOOcRKFC5vkz8B8U=",
        "ref": "refs/heads/main",
        "rev": "8aa8648d65b929e48effe46e443b357b5ace828f",
        "revCount": 323,
        "type": "git",
        "url": "ssh://git@github.com/0xc000022070/sickdeck"
      },
      "original": {
        "type": "git",
        "url": "ssh://git@github.com/0xc000022070/sickdeck"
      }
    },
    "systems": {
      "locked": {
        "lastModified": 1681028828,
        "narHash": "sha256-Vy1rq5AaRuLzOxct8nz4T6wlgyUR7zLU309k9mBC768=",
        "owner": "nix-systems",
        "repo": "default",
        "rev": "da67096a3b9bf56a91d16901293e51ba5b49a27e",
        "type": "github"
      },
      "original": {
        "owner": "nix-systems",
        "repo": "default",
        "type": "github"
      }
    },
    "zen-browser": {
      "inputs": {
        "home-manager": [
          "home-manager"
        ],
        "nixpkgs": [
          "nixpkgs"
        ]
      },
      "locked": {
        "lastModified": 1783866614,
        "narHash": "sha256-o2h5BfVz9MPIERBPVHtvQGilphtNn5+cCuqqfY5Lkq8=",
        "owner": "0xc000022070",
        "repo": "zen-browser-flake",
        "rev": "51602966429e8ccae61324e56b51c37308d1b64e",
        "type": "github"
      },
      "original": {
        "owner": "0xc000022070",
        "repo": "zen-browser-flake",
        "type": "github"
      }
    }
  },
  "root": "root",
  "version": 7
}
