{
  "nodes": {
    "adb-mcp": {
      "inputs": {
        "nixpkgs": [
          "nixpkgs-extra",
          "nixpkgs"
        ],
        "systems": [
          "nixpkgs-extra",
          "systems"
        ]
      },
      "locked": {
        "lastModified": 1778015020,
        "narHash": "sha256-/xdA417jJeEQ67JY5+oE4CnxwmkBURaEev/9yJhz//U=",
        "owner": "cuentacero",
        "repo": "adb-mcp",
        "rev": "c1dd52d6ef17e9d9f13b2a831559064fa9a56aba",
        "type": "github"
      },
      "original": {
        "owner": "cuentacero",
        "repo": "adb-mcp",
        "type": "github"
      }
    },
    "black-terminal": {
      "locked": {
        "lastModified": 1787102893,
        "narHash": "sha256-VCKlqiwDemvXagrOgEebNh94CRZLBNi2VuFF+fLj6cw=",
        "owner": "luisnquin",
        "repo": "black-terminal",
        "rev": "2a928886284c8fb24c755294dc8616dcba3f6af2",
        "type": "github"
      },
      "original": {
        "owner": "luisnquin",
        "repo": "black-terminal",
        "type": "github"
      }
    },
    "brew-src": {
      "flake": false,
      "locked": {
        "lastModified": 1786945682,
        "narHash": "sha256-VBESSoJccikdhxh3vp3SQeG7cZXTOulMvVkoSqNDEhs=",
        "owner": "Homebrew",
        "repo": "brew",
        "rev": "5b90e281d4e0c8fbd6ca4d8358276fb305b8d0bd",
        "type": "github"
      },
      "original": {
        "owner": "Homebrew",
        "ref": "6.0.18",
        "repo": "brew",
        "type": "github"
      }
    },
    "flake-parts": {
      "inputs": {
        "nixpkgs-lib": "nixpkgs-lib"
      },
      "locked": {
        "lastModified": 1787559586,
        "narHash": "sha256-onL0VLf9vPllmT0H/OlURIU5r5t5WIEl7t4tVNKT0Nw=",
        "owner": "hercules-ci",
        "repo": "flake-parts",
        "rev": "9d0d87172c374f89da73c1cfe6d81ae62feac1f1",
        "type": "github"
      },
      "original": {
        "owner": "hercules-ci",
        "repo": "flake-parts",
        "type": "github"
      }
    },
    "grub-themes": {
      "inputs": {
        "nixpkgs": [
          "nixpkgs-extra",
          "nixpkgs"
        ],
        "systems": [
          "nixpkgs-extra",
          "systems"
        ]
      },
      "locked": {
        "lastModified": 1783879196,
        "narHash": "sha256-J+7hcAeSKpe3jogSIqSBcFUecamQuFmOCEk53ehA+dE=",
        "owner": "luisnquin",
        "repo": "grub-themes",
        "rev": "61426f46b8a916a82455a806156efd76c86695b2",
        "type": "github"
      },
      "original": {
        "owner": "luisnquin",
        "repo": "grub-themes",
        "type": "github"
      }
    },
    "home-manager": {
      "inputs": {
        "nixpkgs": [
          "nixpkgs"
        ]
      },
      "locked": {
        "lastModified": 1787540599,
        "narHash": "sha256-MHwk52ty3NsLhq9a1IbIfBJZlCUJIdiUYFo52JLK9hY=",
        "owner": "nix-community",
        "repo": "home-manager",
        "rev": "03f4cd46bc1dd4f3a96da778d2ce9f7ce39dd450",
        "type": "github"
      },
      "original": {
        "owner": "nix-community",
        "ref": "master",
        "repo": "home-manager",
        "type": "github"
      }
    },
    "hyprstfu": {
      "inputs": {
        "nixpkgs": [
          "nixpkgs-extra",
          "nixpkgs"
        ],
        "systems": [
          "nixpkgs-extra",
          "systems"
        ]
      },
      "locked": {
        "lastModified": 1778909122,
        "narHash": "sha256-wOg6lhMPlsBZX35e4fB3JzdyVfQo9xWuiWr9gBx5g0c=",
        "owner": "luisnquin",
        "repo": "hyprstfu",
        "rev": "7af12f826cc6a99630b286bc50a98d383729a0e7",
        "type": "github"
      },
      "original": {
        "owner": "luisnquin",
        "repo": "hyprstfu",
        "type": "github"
      }
    },
    "nix-darwin": {
      "inputs": {
        "nixpkgs": [
          "nixpkgs"
        ]
      },
      "locked": {
        "lastModified": 1786845137,
        "narHash": "sha256-oQFip+v0luP8NIxJzmiW4Wu8bILsbFWom5l0zonl8hQ=",
        "owner": "nix-darwin",
        "repo": "nix-darwin",
        "rev": "4cff07de74b50e64bdd68cd4e722ab5b6b35ee48",
        "type": "github"
      },
      "original": {
        "owner": "nix-darwin",
        "ref": "master",
        "repo": "nix-darwin",
        "type": "github"
      }
    },
    "nix-homebrew": {
      "inputs": {
        "brew-src": "brew-src"
      },
      "locked": {
        "lastModified": 1787330919,
        "narHash": "sha256-LslMncqN7uOOH5S88WZtO/EVt2HwD8ltUnfyANk+mC0=",
        "owner": "zhaofengli",
        "repo": "nix-homebrew",
        "rev": "b00218e4aec0e5bf07d61a0bb13f842faa582d7b",
        "type": "github"
      },
      "original": {
        "owner": "zhaofengli",
        "repo": "nix-homebrew",
        "type": "github"
      }
    },
    "nix-scripts": {
      "inputs": {
        "nixpkgs": [
          "nixpkgs-extra",
          "nixpkgs"
        ],
        "systems": [
          "nixpkgs-extra",
          "systems"
        ]
      },
      "locked": {
        "lastModified": 1777146071,
        "narHash": "sha256-bZsu8ykD56VHemOrNgRSGAZn7tP9uW1Z0sfHQTby4q0=",
        "owner": "0xc000022070",
        "repo": "nix-scripts",
        "rev": "8fbb4987c546dad6c25c23a6067935960437fb7d",
        "type": "github"
      },
      "original": {
        "owner": "0xc000022070",
        "repo": "nix-scripts",
        "type": "github"
      }
    },
    "nixgrep": {
      "inputs": {
        "nixpkgs": [
          "nixpkgs-extra",
          "nixpkgs"
        ]
      },
      "locked": {
        "lastModified": 1729458353,
        "narHash": "sha256-4RDoygqGPcAZWnia2B86LOlSrWX/YJb8/c+WWAtJ+d4=",
        "owner": "0xc000022070",
        "repo": "nixgrep",
        "rev": "e24a94d036c440c927a8e946ce3f121f513e8dbb",
        "type": "github"
      },
      "original": {
        "owner": "0xc000022070",
        "repo": "nixgrep",
        "type": "github"
      }
    },
    "nixos-config-pkgs": {
      "inputs": {
        "nixpkgs": [
          "nixpkgs"
        ]
      },
      "locked": {
        "dir": "pkgs",
        "lastModified": 1787466412,
        "narHash": "sha256-6O9e2Uz/S/6DpwLHMRFHmT9jYShQbM65ewI/Vi5R7Lk=",
        "owner": "luisnquin",
        "repo": "nixos-config",
        "rev": "4b94a1e4ac60667757a750821b2e40b3caf5ccd5",
        "type": "github"
      },
      "original": {
        "dir": "pkgs",
        "owner": "luisnquin",
        "repo": "nixos-config",
        "type": "github"
      }
    },
    "nixpkgs": {
      "locked": {
        "lastModified": 1787498568,
        "narHash": "sha256-9i/VTdusq/+NM/tz+J1Re+ojkMB8MBf0QshnYfzHz30=",
        "owner": "NixOS",
        "repo": "nixpkgs",
        "rev": "56c02bc00adcf003215cc4bd996d6efaf4cff188",
        "type": "github"
      },
      "original": {
        "owner": "NixOS",
        "ref": "nixos-unstable",
        "repo": "nixpkgs",
        "type": "github"
      }
    },
    "nixpkgs-extra": {
      "inputs": {
        "adb-mcp": "adb-mcp",
        "grub-themes": "grub-themes",
        "hyprstfu": "hyprstfu",
        "nix-scripts": "nix-scripts",
        "nixgrep": "nixgrep",
        "nixpkgs": [
          "nixpkgs"
        ],
        "passgen": "passgen",
        "senv": "senv",
        "systems": [
          "systems"
        ]
      },
      "locked": {
        "lastModified": 1784852979,
        "narHash": "sha256-kKHEA9lXHQ2XZg0gm8Hn+Wd3E6R12CjqXyCEqBQ4sAc=",
        "owner": "0xc000022070",
        "repo": "nixpkgs-extra",
        "rev": "658d88dc6efe60f1a9324097544289cafc4679c7",
        "type": "github"
      },
      "original": {
        "owner": "0xc000022070",
        "repo": "nixpkgs-extra",
        "type": "github"
      }
    },
    "nixpkgs-lib": {
      "locked": {
        "lastModified": 1785031560,
        "narHash": "sha256-OmshNvn2vupOFpYinLUu+1Dnpu4n7Q5N3ggGVNHpkUI=",
        "owner": "nix-community",
        "repo": "nixpkgs.lib",
        "rev": "0e79af5e3d4dcfcd676ab5ba3f95d2e3352e078c",
        "type": "github"
      },
      "original": {
        "owner": "nix-community",
        "repo": "nixpkgs.lib",
        "type": "github"
      }
    },
    "passgen": {
      "inputs": {
        "nixpkgs": [
          "nixpkgs-extra",
          "nixpkgs"
        ],
        "systems": [
          "nixpkgs-extra",
          "systems"
        ]
      },
      "locked": {
        "lastModified": 1778909340,
        "narHash": "sha256-WzE947hzFqTU2kRA1GE/GPY7ZF8Wbv4UJW3AnYNM6mU=",
        "owner": "0xc000022070",
        "repo": "passgen",
        "rev": "c89b2e6b51014414e4ed8ce7e0170235d923b8b5",
        "type": "github"
      },
      "original": {
        "owner": "0xc000022070",
        "repo": "passgen",
        "type": "github"
      }
    },
    "root": {
      "inputs": {
        "black-terminal": "black-terminal",
        "flake-parts": "flake-parts",
        "home-manager": "home-manager",
        "nix-darwin": "nix-darwin",
        "nix-homebrew": "nix-homebrew",
        "nixos-config-pkgs": "nixos-config-pkgs",
        "nixpkgs": "nixpkgs",
        "nixpkgs-extra": "nixpkgs-extra",
        "sickdeck": "sickdeck",
        "systems": "systems",
        "zen-browser": "zen-browser"
      }
    },
    "senv": {
      "inputs": {
        "nixpkgs": [
          "nixpkgs-extra",
          "nixpkgs"
        ]
      },
      "locked": {
        "lastModified": 1778909585,
        "narHash": "sha256-+4enkk9BMQRp2ILXRct30GGgEh5bZXmAyfcLX1eIz4g=",
        "owner": "luisnquin",
        "repo": "senv",
        "rev": "c9a6d645d56edf6607fd7bd2ffbf6c5c48548600",
        "type": "github"
      },
      "original": {
        "owner": "luisnquin",
        "repo": "senv",
        "type": "github"
      }
    },
    "sickdeck": {
      "flake": false,
      "locked": {
        "lastModified": 1785047202,
        "narHash": "sha256-+GWz5v+9XDfUCxNPsm0t8wLZLtu2MGGrVFLPBrMGNsg=",
        "ref": "refs/heads/main",
        "rev": "7d3a20573571dcb27b4a19c11078b5d02f2c11ac",
        "revCount": 344,
        "type": "git",
        "url": "ssh://git@github.com/0xc000022070/deckhand"
      },
      "original": {
        "type": "git",
        "url": "ssh://git@github.com/0xc000022070/deckhand"
      }
    },
    "systems": {
      "locked": {
        "lastModified": 1681028828,
        "narHash": "sha256-Vy1rq5AaRuLzOxct8nz4T6wlgyUR7zLU309k9mBC768=",
        "owner": "nix-systems",
        "repo": "default",
        "rev": "da67096a3b9bf56a91d16901293e51ba5b49a27e",
        "type": "github"
      },
      "original": {
        "owner": "nix-systems",
        "repo": "default",
        "type": "github"
      }
    },
    "zen-browser": {
      "inputs": {
        "home-manager": [
          "home-manager"
        ],
        "nixpkgs": [
          "nixpkgs"
        ]
      },
      "locked": {
        "lastModified": 1787540616,
        "narHash": "sha256-c+dIgStaq3qNaQxhAiiXY3upNTIdn7tCcqPnwsmKTmY=",
        "owner": "0xc000022070",
        "repo": "zen-browser-flake",
        "rev": "51df7b8cbb0fcba14a9b159531ef48d0cd69dde9",
        "type": "github"
      },
      "original": {
        "owner": "0xc000022070",
        "repo": "zen-browser-flake",
        "type": "github"
      }
    }
  },
  "root": "root",
  "version": 7
}
